// !$*UTF8*$!
{
	archiveVersion = 1;
	classes = {
	};
	objectVersion = 46;
	objects = {

/* Begin PBXBuildFile section */
		A6DC75011D889FAA00E0834C /* AppDelegate.swift in Sources */ = {isa = PBXBuildFile; fileRef = A6DC75001D889FAA00E0834C /* AppDelegate.swift */; };
		A6DC75031D889FAA00E0834C /* ViewController.swift in Sources */ = {isa = PBXBuildFile; fileRef = A6DC75021D889FAA00E0834C /* ViewController.swift */; };
		A6DC75061D889FAA00E0834C /* Main.storyboard in Resources */ = {isa = PBXBuildFile; fileRef = A6DC75041D889FAA00E0834C /* Main.storyboard */; };
		A6DC75091D889FAA00E0834C /* Ultimate_Project.xcdatamodeld in Sources */ = {isa = PBXBuildFile; fileRef = A6DC75071D889FAA00E0834C /* Ultimate_Project.xcdatamodeld */; };
		A6DC750B1D889FAA00E0834C /* Assets.xcassets in Resources */ = {isa = PBXBuildFile; fileRef = A6DC750A1D889FAA00E0834C /* Assets.xcassets */; };
		A6DC750E1D889FAA00E0834C /* LaunchScreen.storyboard in Resources */ = {isa = PBXBuildFile; fileRef = A6DC750C1D889FAA00E0834C /* LaunchScreen.storyboard */; };
		A6DC75191D889FAA00E0834C /* Ultimate_ProjectTests.swift in Sources */ = {isa = PBXBuildFile; fileRef = A6DC75181D889FAA00E0834C /* Ultimate_ProjectTests.swift */; };
		A6DC75241D889FAA00E0834C /* Ultimate_ProjectUITests.swift in Sources */ = {isa = PBXBuildFile; fileRef = A6DC75231D889FAA00E0834C /* Ultimate_ProjectUITests.swift */; };
/* End PBXBuildFile section */

/* Begin PBXContainerItemProxy section */
		A6DC75151D889FAA00E0834C /* PBXContainerItemProxy */ = {
			isa = PBXContainerItemProxy;
			containerPortal = A6DC74F51D889FA900E0834C /* Project object */;
			proxyType = 1;
			remoteGlobalIDString = A6DC74FC1D889FA900E0834C;
			remoteInfo = "Ultimate Project";
		};
		A6DC75201D889FAA00E0834C /* PBXContainerItemProxy */ = {
			isa = PBXContainerItemProxy;
			containerPortal = A6DC74F51D889FA900E0834C /* Project object */;
			proxyType = 1;
			remoteGlobalIDString = A6DC74FC1D889FA900E0834C;
			remoteInfo = "Ultimate Project";
		};
/* End PBXContainerItemProxy section */

/* Begin PBXFileReference section */
		A6DC74FD1D889FA900E0834C /* Ultimate Project.app */ = {isa = PBXFileReference; explicitFileType = wrapper.application; includeInIndex = 0; path = "Ultimate Project.app"; sourceTree = BUILT_PRODUCTS_DIR; };
		A6DC75001D889FAA00E0834C /* AppDelegate.swift */ = {isa = PBXFileReference; lastKnownFileType = sourcecode.swift; path = AppDelegate.swift; sourceTree = "<group>"; };
		A6DC75021D889FAA00E0834C /* ViewController.swift */ = {isa = PBXFileReference; lastKnownFileType = sourcecode.swift; path = ViewController.swift; sourceTree = "<group>"; };
		A6DC75051D889FAA00E0834C /* Base */ = {isa = PBXFileReference; lastKnownFileType = file.storyboard; name = Base; path = Base.lproj/Main.storyboard; sourceTree = "<group>"; };
		A6DC75081D889FAA00E0834C /* Ultimate_Project.xcdatamodel */ = {isa = PBXFileReference; lastKnownFileType = wrapper.xcdatamodel; path = Ultimate_Project.xcdatamodel; sourceTree = "<group>"; };
		A6DC750A1D889FAA00E0834C /* Assets.xcassets */ = {isa = PBXFileReference; lastKnownFileType = folder.assetcatalog; path = Assets.xcassets; sourceTree = "<group>"; };
		A6DC750D1D889FAA00E0834C /* Base */ = {isa = PBXFileReference; lastKnownFileType = file.storyboard; name = Base; path = Base.lproj/LaunchScreen.storyboard; sourceTree = "<group>"; };
		A6DC750F1D889FAA00E0834C /* Info.plist */ = {isa = PBXFileReference; lastKnownFileType = text.plist.xml; path = Info.plist; sourceTree = "<group>"; };
		A6DC75141D889FAA00E0834C /* Ultimate ProjectTests.xctest */ = {isa = PBXFileReference; explicitFileType = wrapper.cfbundle; includeInIndex = 0; path = "Ultimate ProjectTests.xctest"; sourceTree = BUILT_PRODUCTS_DIR; };
		A6DC75181D889FAA00E0834C /* Ultimate_ProjectTests.swift */ = {isa = PBXFileReference; lastKnownFileType = sourcecode.swift; path = Ultimate_ProjectTests.swift; sourceTree = "<group>"; };
		A6DC751A1D889FAA00E0834C /* Info.plist */ = {isa = PBXFileReference; lastKnownFileType = text.plist.xml; path = Info.plist; sourceTree = "<group>"; };
		A6DC751F1D889FAA00E0834C /* Ultimate ProjectUITests.xctest */ = {isa = PBXFileReference; explicitFileType = wrapper.cfbundle; includeInIndex = 0; path = "Ultimate ProjectUITests.xctest"; sourceTree = BUILT_PRODUCTS_DIR; };
		A6DC75231D889FAA00E0834C /* Ultimate_ProjectUITests.swift */ = {isa = PBXFileReference; lastKnownFileType = sourcecode.swift; path = Ultimate_ProjectUITests.swift; sourceTree = "<group>"; };
		A6DC75251D889FAA00E0834C /* Info.plist */ = {isa = PBXFileReference; lastKnownFileType = text.plist.xml; path = Info.plist; sourceTree = "<group>"; };
/* End PBXFileReference section */

/* Begin PBXFrameworksBuildPhase section */
		A6DC74FA1D889FA900E0834C /* Frameworks */ = {
			isa = PBXFrameworksBuildPhase;
			buildActionMask = 2147483647;
			files = (
			);
			runOnlyForDeploymentPostprocessing = 0;
		};
		A6DC75111D889FAA00E0834C /* Frameworks */ = {
			isa = PBXFrameworksBuildPhase;
			buildActionMask = 2147483647;
			files = (
			);
			runOnlyForDeploymentPostprocessing = 0;
		};
		A6DC751C1D889FAA00E0834C /* Frameworks */ = {
			isa = PBXFrameworksBuildPhase;
			buildActionMask = 2147483647;
			files = (
			);
			runOnlyForDeploymentPostprocessing = 0;
		};
/* End PBXFrameworksBuildPhase section */

/* Begin PBXGroup section */
		A6DC74F41D889FA900E0834C = {
			isa = PBXGroup;
			children = (
				A6DC74FF1D889FAA00E0834C /* Ultimate Project */,
				A6DC75171D889FAA00E0834C /* Ultimate ProjectTests */,
				A6DC75221D889FAA00E0834C /* Ultimate ProjectUITests */,
				A6DC74FE1D889FA900E0834C /* Products */,
			);
			sourceTree = "<group>";
		};
		A6DC74FE1D889FA900E0834C /* Products */ = {
			isa = PBXGroup;
			children = (
				A6DC74FD1D889FA900E0834C /* Ultimate Project.app */,
				A6DC75141D889FAA00E0834C /* Ultimate ProjectTests.xctest */,
				A6DC751F1D889FAA00E0834C /* Ultimate ProjectUITests.xctest */,
			);
			name = Products;
			sourceTree = "<group>";
		};
		A6DC74FF1D889FAA00E0834C /* Ultimate Project */ = {
			isa = PBXGroup;
			children = (
				A6DC75001D889FAA00E0834C /* AppDelegate.swift */,
				A6DC75021D889FAA00E0834C /* ViewController.swift */,
				A6DC75041D889FAA00E0834C /* Main.storyboard */,
				A6DC750A1D889FAA00E0834C /* Assets.xcassets */,
				A6DC750C1D889FAA00E0834C /* LaunchScreen.storyboard */,
				A6DC750F1D889FAA00E0834C /* Info.plist */,
				A6DC75071D889FAA00E0834C /* Ultimate_Project.xcdatamodeld */,
			);
			path = "Ultimate Project";
			sourceTree = "<group>";
		};
		A6DC75171D889FAA00E0834C /* Ultimate ProjectTests */ = {
			isa = PBXGroup;
			children = (
				A6DC75181D889FAA00E0834C /* Ultimate_ProjectTests.swift */,
				A6DC751A1D889FAA00E0834C /* Info.plist */,
			);
			path = "Ultimate ProjectTests";
			sourceTree = "<group>";
		};
		A6DC75221D889FAA00E0834C /* Ultimate ProjectUITests */ = {
			isa = PBXGroup;
			children = (
				A6DC75231D889FAA00E0834C /* Ultimate_ProjectUITests.swift */,
				A6DC75251D889FAA00E0834C /* Info.plist */,
			);
			path = "Ultimate ProjectUITests";
			sourceTree = "<group>";
		};
/* End PBXGroup section */

/* Begin PBXNativeTarget section */
		A6DC74FC1D889FA900E0834C /* Ultimate Project */ = {
			isa = PBXNativeTarget;
			buildConfigurationList = A6DC75281D889FAA00E0834C /* Build configuration list for PBXNativeTarget "Ultimate Project" */;
			buildPhases = (
				A6DC74F91D889FA900E0834C /* Sources */,
				A6DC74FA1D889FA900E0834C /* Frameworks */,
				A6DC74FB1D889FA900E0834C /* Resources */,
			);
			buildRules = (
			);
			dependencies = (
			);
			name = "Ultimate Project";
			productName = "Ultimate Project";
			productReference = A6DC74FD1D889FA900E0834C /* Ultimate Project.app */;
			productType = "com.apple.product-type.application";
		};
		A6DC75131D889FAA00E0834C /* Ultimate ProjectTests */ = {
			isa = PBXNativeTarget;
			buildConfigurationList = A6DC752B1D889FAA00E0834C /* Build configuration list for PBXNativeTarget "Ultimate ProjectTests" */;
			buildPhases = (
				A6DC75101D889FAA00E0834C /* Sources */,
				A6DC75111D889FAA00E0834C /* Frameworks */,
				A6DC75121D889FAA00E0834C /* Resources */,
			);
			buildRules = (
			);
			dependencies = (
				A6DC75161D889FAA00E0834C /* PBXTargetDependency */,
			);
			name = "Ultimate ProjectTests";
			productName = "Ultimate ProjectTests";
			productReference = A6DC75141D889FAA00E0834C /* Ultimate ProjectTests.xctest */;
			productType = "com.apple.product-type.bundle.unit-test";
		};
		A6DC751E1D889FAA00E0834C /* Ultimate ProjectUITests */ = {
			isa = PBXNativeTarget;
			buildConfigurationList = A6DC752E1D889FAA00E0834C /* Build configuration list for PBXNativeTarget "Ultimate ProjectUITests" */;
			buildPhases = (
				A6DC751B1D889FAA00E0834C /* Sources */,
				A6DC751C1D889FAA00E0834C /* Frameworks */,
				A6DC751D1D889FAA00E0834C /* Resources */,
			);
			buildRules = (
			);
			dependencies = (
				A6DC75211D889FAA00E0834C /* PBXTargetDependency */,
			);
			name = "Ultimate ProjectUITests";
			productName = "Ultimate ProjectUITests";
			productReference = A6DC751F1D889FAA00E0834C /* Ultimate ProjectUITests.xctest */;
			productType = "com.apple.product-type.bundle.ui-testing";
		};
/* End PBXNativeTarget section */

/* Begin PBXProject section */
		A6DC74F51D889FA900E0834C /* Project object */ = {
			isa = PBXProject;
			attributes = {
				LastSwiftUpdateCheck = 0730;
				LastUpgradeCheck = 0730;
				ORGANIZATIONNAME = "Connor Fitzpatrick";
				TargetAttributes = {
					A6DC74FC1D889FA900E0834C = {
						CreatedOnToolsVersion = 7.3.1;
						DevelopmentTeam = U6Y6MMUY2Z;
					};
					A6DC75131D889FAA00E0834C = {
						CreatedOnToolsVersion = 7.3.1;
						DevelopmentTeam = U6Y6MMUY2Z;
						TestTargetID = A6DC74FC1D889FA900E0834C;
					};
					A6DC751E1D889FAA00E0834C = {
						CreatedOnToolsVersion = 7.3.1;
						DevelopmentTeam = U6Y6MMUY2Z;
						TestTargetID = A6DC74FC1D889FA900E0834C;
					};
				};
			};
			buildConfigurationList = A6DC74F81D889FA900E0834C /* Build configuration list for PBXProject "Ultimate Project" */;
			compatibilityVersion = "Xcode 3.2";
			developmentRegion = English;
			hasScannedForEncodings = 0;
			knownRegions = (
				en,
				Base,
			);
			mainGroup = A6DC74F41D889FA900E0834C;
			productRefGroup = A6DC74FE1D889FA900E0834C /* Products */;
			projectDirPath = "";
			projectRoot = "";
			targets = (
				A6DC74FC1D889FA900E0834C /* Ultimate Project */,
				A6DC75131D889FAA00E0834C /* Ultimate ProjectTests */,
				A6DC751E1D889FAA00E0834C /* Ultimate ProjectUITests */,
			);
		};
/* End PBXProject section */

/* Begin PBXResourcesBuildPhase section */
		A6DC74FB1D889FA900E0834C /* Resources */ = {
			isa = PBXResourcesBuildPhase;
			buildActionMask = 2147483647;
			files = (
				A6DC750E1D889FAA00E0834C /* LaunchScreen.storyboard in Resources */,
				A6DC750B1D889FAA00E0834C /* Assets.xcassets in Resources */,
				A6DC75061D889FAA00E0834C /* Main.storyboard in Resources */,
			);
			runOnlyForDeploymentPostprocessing = 0;
		};
		A6DC75121D889FAA00E0834C /* Resources */ = {
			isa = PBXResourcesBuildPhase;
			buildActionMask = 2147483647;
			files = (
			);
			runOnlyForDeploymentPostprocessing = 0;
		};
		A6DC751D1D889FAA00E0834C /* Resources */ = {
			isa = PBXResourcesBuildPhase;
			buildActionMask = 2147483647;
			files = (
			);
			runOnlyForDeploymentPostprocessing = 0;
		};
/* End PBXResourcesBuildPhase section */

/* Begin PBXSourcesBuildPhase section */
		A6DC74F91D889FA900E0834C /* Sources */ = {
			isa = PBXSourcesBuildPhase;
			buildActionMask = 2147483647;
			files = (
				A6DC75091D889FAA00E0834C /* Ultimate_Project.xcdatamodeld in Sources */,
				A6DC75031D889FAA00E0834C /* ViewController.swift in Sources */,
				A6DC75011D889FAA00E0834C /* AppDelegate.swift in Sources */,
			);
			runOnlyForDeploymentPostprocessing = 0;
		};
		A6DC75101D889FAA00E0834C /* Sources */ = {
			isa = PBXSourcesBuildPhase;
			buildActionMask = 2147483647;
			files = (
				A6DC75191D889FAA00E0834C /* Ultimate_ProjectTests.swift in Sources */,
			);
			runOnlyForDeploymentPostprocessing = 0;
		};
		A6DC751B1D889FAA00E0834C /* Sources */ = {
			isa = PBXSourcesBuildPhase;
			buildActionMask = 2147483647;
			files = (
				A6DC75241D889FAA00E0834C /* Ultimate_ProjectUITests.swift in Sources */,
			);
			runOnlyForDeploymentPostprocessing = 0;
		};
/* End PBXSourcesBuildPhase section */

/* Begin PBXTargetDependency section */
		A6DC75161D889FAA00E0834C /* PBXTargetDependency */ = {
			isa = PBXTargetDependency;
			target = A6DC74FC1D889FA900E0834C /* Ultimate Project */;
			targetProxy = A6DC75151D889FAA00E0834C /* PBXContainerItemProxy */;
		};
		A6DC75211D889FAA00E0834C /* PBXTargetDependency */ = {
			isa = PBXTargetDependency;
			target = A6DC74FC1D889FA900E0834C /* Ultimate Project */;
			targetProxy = A6DC75201D889FAA00E0834C /* PBXContainerItemProxy */;
		};
/* End PBXTargetDependency section */

/* Begin PBXVariantGroup section */
		A6DC75041D889FAA00E0834C /* Main.storyboard */ = {
			isa = PBXVariantGroup;
			children = (
				A6DC75051D889FAA00E0834C /* Base */,
			);
			name = Main.storyboard;
			sourceTree = "<group>";
		};
		A6DC750C1D889FAA00E0834C /* LaunchScreen.storyboard */ = {
			isa = PBXVariantGroup;
			children = (
				A6DC750D1D889FAA00E0834C /* Base */,
			);
			name = LaunchScreen.storyboard;
			sourceTree = "<group>";
		};
/* End PBXVariantGroup section */

/* Begin XCBuildConfiguration section */
		A6DC75261D889FAA00E0834C /* Debug */ = {
			isa = XCBuildConfiguration;
			buildSettings = {
				ALWAYS_SEARCH_USER_PATHS = NO;
				CLANG_ANALYZER_NONNULL = YES;
				CLANG_CXX_LANGUAGE_STANDARD = "gnu++0x";
				CLANG_CXX_LIBRARY = "libc++";
				CLANG_ENABLE_MODULES = YES;
				CLANG_ENABLE_OBJC_ARC = YES;
				CLANG_WARN_BOOL_CONVERSION = YES;
				CLANG_WARN_CONSTANT_CONVERSION = YES;
				CLANG_WARN_DIRECT_OBJC_ISA_USAGE = YES_ERROR;
				CLANG_WARN_EMPTY_BODY = YES;
				CLANG_WARN_ENUM_CONVERSION = YES;
				CLANG_WARN_INT_CONVERSION = YES;
				CLANG_WARN_OBJC_ROOT_CLASS = YES_ERROR;
				CLANG_WARN_UNREACHABLE_CODE = YES;
				CLANG_WARN__DUPLICATE_METHOD_MATCH = YES;
				"CODE_SIGN_IDENTITY[sdk=iphoneos*]" = "iPhone Developer";
				COPY_PHASE_STRIP = NO;
				DEBUG_INFORMATION_FORMAT = dwarf;
				ENABLE_STRICT_OBJC_MSGSEND = YES;
				ENABLE_TESTABILITY = YES;
				GCC_C_LANGUAGE_STANDARD = gnu99;
				GCC_DYNAMIC_NO_PIC = NO;
				GCC_NO_COMMON_BLOCKS = YES;
				GCC_OPTIMIZATION_LEVEL = 0;
				GCC_PREPROCESSOR_DEFINITIONS = (
					"DEBUG=1",
					"$(inherited)",
				);
				GCC_WARN_64_TO_32_BIT_CONVERSION = YES;
				GCC_WARN_ABOUT_RETURN_TYPE = YES_ERROR;
				GCC_WARN_UNDECLARED_SELECTOR = YES;
				GCC_WARN_UNINITIALIZED_AUTOS = YES_AGGRESSIVE;
				GCC_WARN_UNUSED_FUNCTION = YES;
				GCC_WARN_UNUSED_VARIABLE = YES;
				IPHONEOS_DEPLOYMENT_TARGET = 9.3;
				MTL_ENABLE_DEBUG_INFO = YES;
				ONLY_ACTIVE_ARCH = YES;
				SDKROOT = iphoneos;
				SWIFT_OPTIMIZATION_LEVEL = "-Onone";
				TARGETED_DEVICE_FAMILY = "1,2";
			};
			name = Debug;
		};
		A6DC75271D889FAA00E0834C /* Release */ = {
			isa = XCBuildConfiguration;
			buildSettings = {
				ALWAYS_SEARCH_USER_PATHS = NO;
				CLANG_ANALYZER_NONNULL = YES;
				CLANG_CXX_LANGUAGE_STANDARD = "gnu++0x";
				CLANG_CXX_LIBRARY = "libc++";
				CLANG_ENABLE_MODULES = YES;
				CLANG_ENABLE_OBJC_ARC = YES;
				CLANG_WARN_BOOL_CONVERSION = YES;
				CLANG_WARN_CONSTANT_CONVERSION = YES;
				CLANG_WARN_DIRECT_OBJC_ISA_USAGE = YES_ERROR;
				CLANG_WARN_EMPTY_BODY = YES;
				CLANG_WARN_ENUM_CONVERSION = YES;
				CLANG_WARN_INT_CONVERSION = YES;
				CLANG_WARN_OBJC_ROOT_CLASS = YES_ERROR;
				CLANG_WARN_UNREACHABLE_CODE = YES;
				CLANG_WARN__DUPLICATE_METHOD_MATCH = YES;
				"CODE_SIGN_IDENTITY[sdk=iphoneos*]" = "iPhone Developer";
				COPY_PHASE_STRIP = NO;
				DEBUG_INFORMATION_FORMAT = "dwarf-with-dsym";
				ENABLE_NS_ASSERTIONS = NO;
				ENABLE_STRICT_OBJC_MSGSEND = YES;
				GCC_C_LANGUAGE_STANDARD = gnu99;
				GCC_NO_COMMON_BLOCKS = YES;
				GCC_WARN_64_TO_32_BIT_CONVERSION = YES;
				GCC_WARN_ABOUT_RETURN_TYPE = YES_ERROR;
				GCC_WARN_UNDECLARED_SELECTOR = YES;
				GCC_WARN_UNINITIALIZED_AUTOS = YES_AGGRESSIVE;
				GCC_WARN_UNUSED_FUNCTION = YES;
				GCC_WARN_UNUSED_VARIABLE = YES;
				IPHONEOS_DEPLOYMENT_TARGET = 9.3;
				MTL_ENABLE_DEBUG_INFO = NO;
				SDKROOT = iphoneos;
				TARGETED_DEVICE_FAMILY = "1,2";
				VALIDATE_PRODUCT = YES;
			};
			name = Release;
		};
		A6DC75291D889FAA00E0834C /* Debug */ = {
			isa = XCBuildConfiguration;
			buildSettings = {
				ASSETCATALOG_COMPILER_APPICON_NAME = AppIcon;
				INFOPLIST_FILE = "Ultimate Project/Info.plist";
				LD_RUNPATH_SEARCH_PATHS = "$(inherited) @executable_path/Frameworks";
				PRODUCT_BUNDLE_IDENTIFIER = "cjf.edu.luther.cs353.Ultimate-Project";
				PRODUCT_NAME = "$(TARGET_NAME)";
			};
			name = Debug;
		};
		A6DC752A1D889FAA00E0834C /* Release */ = {
			isa = XCBuildConfiguration;
			buildSettings = {
				ASSETCATALOG_COMPILER_APPICON_NAME = AppIcon;
				INFOPLIST_FILE = "Ultimate Project/Info.plist";
				LD_RUNPATH_SEARCH_PATHS = "$(inherited) @executable_path/Frameworks";
				PRODUCT_BUNDLE_IDENTIFIER = "cjf.edu.luther.cs353.Ultimate-Project";
				PRODUCT_NAME = "$(TARGET_NAME)";
			};
			name = Release;
		};
		A6DC752C1D889FAA00E0834C /* Debug */ = {
			isa = XCBuildConfiguration;
			buildSettings = {
				BUNDLE_LOADER = "$(TEST_HOST)";
				INFOPLIST_FILE = "Ultimate ProjectTests/Info.plist";
				LD_RUNPATH_SEARCH_PATHS = "$(inherited) @executable_path/Frameworks @loader_path/Frameworks";
				PRODUCT_BUNDLE_IDENTIFIER = "cjf.edu.luther.cs353.Ultimate-ProjectTests";
				PRODUCT_NAME = "$(TARGET_NAME)";
				TEST_HOST = "$(BUILT_PRODUCTS_DIR)/Ultimate Project.app/Ultimate Project";
			};
			name = Debug;
		};
		A6DC752D1D889FAA00E0834C /* Release */ = {
			isa = XCBuildConfiguration;
			buildSettings = {
				BUNDLE_LOADER = "$(TEST_HOST)";
				INFOPLIST_FILE = "Ultimate ProjectTests/Info.plist";
				LD_RUNPATH_SEARCH_PATHS = "$(inherited) @executable_path/Frameworks @loader_path/Frameworks";
				PRODUCT_BUNDLE_IDENTIFIER = "cjf.edu.luther.cs353.Ultimate-ProjectTests";
				PRODUCT_NAME = "$(TARGET_NAME)";
				TEST_HOST = "$(BUILT_PRODUCTS_DIR)/Ultimate Project.app/Ultimate Project";
			};
			name = Release;
		};
		A6DC752F1D889FAA00E0834C /* Debug */ = {
			isa = XCBuildConfiguration;
			buildSettings = {
				INFOPLIST_FILE = "Ultimate ProjectUITests/Info.plist";
				LD_RUNPATH_SEARCH_PATHS = "$(inherited) @executable_path/Frameworks @loader_path/Frameworks";
				PRODUCT_BUNDLE_IDENTIFIER = "cjf.edu.luther.cs353.Ultimate-ProjectUITests";
				PRODUCT_NAME = "$(TARGET_NAME)";
				TEST_TARGET_NAME = "Ultimate Project";
			};
			name = Debug;
		};
		A6DC75301D889FAA00E0834C /* Release */ = {
			isa = XCBuildConfiguration;
			buildSettings = {
				INFOPLIST_FILE = "Ultimate ProjectUITests/Info.plist";
				LD_RUNPATH_SEARCH_PATHS = "$(inherited) @executable_path/Frameworks @loader_path/Frameworks";
				PRODUCT_BUNDLE_IDENTIFIER = "cjf.edu.luther.cs353.Ultimate-ProjectUITests";
				PRODUCT_NAME = "$(TARGET_NAME)";
				TEST_TARGET_NAME = "Ultimate Project";
			};
			name = Release;
		};
/* End XCBuildConfiguration section */

/* Begin XCConfigurationList section */
		A6DC74F81D889FA900E0834C /* Build configuration list for PBXProject "Ultimate Project" */ = {
			isa = XCConfigurationList;
			buildConfigurations = (
				A6DC75261D889FAA00E0834C /* Debug */,
				A6DC75271D889FAA00E0834C /* Release */,
			);
			defaultConfigurationIsVisible = 0;
			defaultConfigurationName = Release;
		};
		A6DC75281D889FAA00E0834C /* Build configuration list for PBXNativeTarget "Ultimate Project" */ = {
			isa = XCConfigurationList;
			buildConfigurations = (
				A6DC75291D889FAA00E0834C /* Debug */,
				A6DC752A1D889FAA00E0834C /* Release */,
			);
			defaultConfigurationIsVisible = 0;
		};
		A6DC752B1D889FAA00E0834C /* Build configuration list for PBXNativeTarget "Ultimate ProjectTests" */ = {
			isa = XCConfigurationList;
			buildConfigurations = (
				A6DC752C1D889FAA00E0834C /* Debug */,
				A6DC752D1D889FAA00E0834C /* Release */,
			);
			defaultConfigurationIsVisible = 0;
		};
		A6DC752E1D889FAA00E0834C /* Build configuration list for PBXNativeTarget "Ultimate ProjectUITests" */ = {
			isa = XCConfigurationList;
			buildConfigurations = (
				A6DC752F1D889FAA00E0834C /* Debug */,
				A6DC75301D889FAA00E0834C /* Release */,
			);
			defaultConfigurationIsVisible = 0;
		};
/* End XCConfigurationList section */

/* Begin XCVersionGroup section */
		A6DC75071D889FAA00E0834C /* Ultimate_Project.xcdatamodeld */ = {
			isa = XCVersionGroup;
			children = (
				A6DC75081D889FAA00E0834C /* Ultimate_Project.xcdatamodel */,
			);
			currentVersion = A6DC75081D889FAA00E0834C /* Ultimate_Project.xcdatamodel */;
			path = Ultimate_Project.xcdatamodeld;
			sourceTree = "<group>";
			versionGroupType = wrapper.xcdatamodel;
		};
/* End XCVersionGroup section */
	};
	rootObject = A6DC74F51D889FA900E0834C /* Project object */;
}
