// !$*UTF8*$!
{
	archiveVersion = 1;
	classes = {
	};
	objectVersion = 46;
	objects = {

/* Begin PBXBuildFile section */
		A61CAABC1DEE23F600E6B813 /* StatFinder.swift in Sources */ = {isa = PBXBuildFile; fileRef = A61CAABB1DEE23F600E6B813 /* StatFinder.swift */; };
		A631739D1DA6EB0600C5F954 /* LoginViewController.swift in Sources */ = {isa = PBXBuildFile; fileRef = A631739C1DA6EB0600C5F954 /* LoginViewController.swift */; };
		A631739F1DA6ED5B00C5F954 /* TeamBioViewController.swift in Sources */ = {isa = PBXBuildFile; fileRef = A631739E1DA6ED5B00C5F954 /* TeamBioViewController.swift */; };
		A63173A11DA6F06200C5F954 /* updateRosterViewController.swift in Sources */ = {isa = PBXBuildFile; fileRef = A63173A01DA6F06100C5F954 /* updateRosterViewController.swift */; };
		A63173A31DA6F07000C5F954 /* updateScheduleViewController.swift in Sources */ = {isa = PBXBuildFile; fileRef = A63173A21DA6F07000C5F954 /* updateScheduleViewController.swift */; };
		A648A6721DDE4B0E003B1664 /* PlayerFinder.swift in Sources */ = {isa = PBXBuildFile; fileRef = A648A6711DDE4B0E003B1664 /* PlayerFinder.swift */; };
		A64DC2491DF1137F00E0E5CF /* PlayerTableViewCell.swift in Sources */ = {isa = PBXBuildFile; fileRef = A64DC2481DF1137E00E0E5CF /* PlayerTableViewCell.swift */; };
		A64DC24B1DF1138B00E0E5CF /* StatsTableViewCell.swift in Sources */ = {isa = PBXBuildFile; fileRef = A64DC24A1DF1138B00E0E5CF /* StatsTableViewCell.swift */; };
		A65954441DD2A0F0008A544C /* TeamFinder.swift in Sources */ = {isa = PBXBuildFile; fileRef = A65954431DD2A0F0008A544C /* TeamFinder.swift */; };
		A65954461DD2A3AD008A544C /* JsonParser.swift in Sources */ = {isa = PBXBuildFile; fileRef = A65954451DD2A3AD008A544C /* JsonParser.swift */; };
		A677D9961DD506C4002A6885 /* TeamTableViewCell.swift in Sources */ = {isa = PBXBuildFile; fileRef = A677D9951DD506C4002A6885 /* TeamTableViewCell.swift */; };
		A6858F731DF7BA5A00465E7F /* AddTeamViewController.swift in Sources */ = {isa = PBXBuildFile; fileRef = A6858F721DF7BA5A00465E7F /* AddTeamViewController.swift */; };
		A6BDD5071DAD7BB800EF51A4 /* AddOpponentPlayerViewController.swift in Sources */ = {isa = PBXBuildFile; fileRef = A6BDD5061DAD7BB800EF51A4 /* AddOpponentPlayerViewController.swift */; };
		A6BDD5091DAD7DC500EF51A4 /* StatTrackViewController.swift in Sources */ = {isa = PBXBuildFile; fileRef = A6BDD5081DAD7DC500EF51A4 /* StatTrackViewController.swift */; };
		A6BDD50B1DAD804000EF51A4 /* LiveGamesViewController.swift in Sources */ = {isa = PBXBuildFile; fileRef = A6BDD50A1DAD804000EF51A4 /* LiveGamesViewController.swift */; };
		A6BDD50D1DAD804F00EF51A4 /* GameCastViewController.swift in Sources */ = {isa = PBXBuildFile; fileRef = A6BDD50C1DAD804F00EF51A4 /* GameCastViewController.swift */; };
		A6BDD50F1DAD81D900EF51A4 /* TeamFinderViewController.swift in Sources */ = {isa = PBXBuildFile; fileRef = A6BDD50E1DAD81D900EF51A4 /* TeamFinderViewController.swift */; };
		A6BDD5111DAD82C400EF51A4 /* TeamStatsViewController.swift in Sources */ = {isa = PBXBuildFile; fileRef = A6BDD5101DAD82C400EF51A4 /* TeamStatsViewController.swift */; };
		A6BDD5131DAD86C900EF51A4 /* PlayerStatsViewController.swift in Sources */ = {isa = PBXBuildFile; fileRef = A6BDD5121DAD86C900EF51A4 /* PlayerStatsViewController.swift */; };
		A6D71EA41DF7560E00952763 /* AddOldStatsViewController.swift in Sources */ = {isa = PBXBuildFile; fileRef = A6D71EA31DF7560E00952763 /* AddOldStatsViewController.swift */; };
		A6DC75011D889FAA00E0834C /* AppDelegate.swift in Sources */ = {isa = PBXBuildFile; fileRef = A6DC75001D889FAA00E0834C /* AppDelegate.swift */; };
		A6DC75031D889FAA00E0834C /* MainViewController.swift in Sources */ = {isa = PBXBuildFile; fileRef = A6DC75021D889FAA00E0834C /* MainViewController.swift */; };
		A6DC75061D889FAA00E0834C /* Main.storyboard in Resources */ = {isa = PBXBuildFile; fileRef = A6DC75041D889FAA00E0834C /* Main.storyboard */; };
		A6DC75091D889FAA00E0834C /* Ultimate_Project.xcdatamodeld in Sources */ = {isa = PBXBuildFile; fileRef = A6DC75071D889FAA00E0834C /* Ultimate_Project.xcdatamodeld */; };
		A6DC750B1D889FAA00E0834C /* Assets.xcassets in Resources */ = {isa = PBXBuildFile; fileRef = A6DC750A1D889FAA00E0834C /* Assets.xcassets */; };
		A6DC750E1D889FAA00E0834C /* LaunchScreen.storyboard in Resources */ = {isa = PBXBuildFile; fileRef = A6DC750C1D889FAA00E0834C /* LaunchScreen.storyboard */; };
		A6DC75191D889FAA00E0834C /* Ultimate_ProjectTests.swift in Sources */ = {isa = PBXBuildFile; fileRef = A6DC75181D889FAA00E0834C /* Ultimate_ProjectTests.swift */; };
		A6DC75241D889FAA00E0834C /* Ultimate_ProjectUITests.swift in Sources */ = {isa = PBXBuildFile; fileRef = A6DC75231D889FAA00E0834C /* Ultimate_ProjectUITests.swift */; };
		A6F848DE1E0CAFE3009CA702 /* Fabric.framework in Frameworks */ = {isa = PBXBuildFile; fileRef = A6F848DC1E0CAFE3009CA702 /* Fabric.framework */; };
		A6F848DF1E0CAFE3009CA702 /* Crashlytics.framework in Frameworks */ = {isa = PBXBuildFile; fileRef = A6F848DD1E0CAFE3009CA702 /* Crashlytics.framework */; };
/* End PBXBuildFile section */

/* Begin PBXContainerItemProxy section */
		A6DC75151D889FAA00E0834C /* PBXContainerItemProxy */ = {
			isa = PBXContainerItemProxy;
			containerPortal = A6DC74F51D889FA900E0834C /* Project object */;
			proxyType = 1;
			remoteGlobalIDString = A6DC74FC1D889FA900E0834C;
			remoteInfo = "Ultimate Project";
		};
		A6DC75201D889FAA00E0834C /* PBXContainerItemProxy */ = {
			isa = PBXContainerItemProxy;
			containerPortal = A6DC74F51D889FA900E0834C /* Project object */;
			proxyType = 1;
			remoteGlobalIDString = A6DC74FC1D889FA900E0834C;
			remoteInfo = "Ultimate Project";
		};
/* End PBXContainerItemProxy section */

/* Begin PBXFileReference section */
		A61CAABB1DEE23F600E6B813 /* StatFinder.swift */ = {isa = PBXFileReference; fileEncoding = 4; lastKnownFileType = sourcecode.swift; path = StatFinder.swift; sourceTree = "<group>"; };
		A631739C1DA6EB0600C5F954 /* LoginViewController.swift */ = {isa = PBXFileReference; fileEncoding = 4; lastKnownFileType = sourcecode.swift; path = LoginViewController.swift; sourceTree = "<group>"; };
		A631739E1DA6ED5B00C5F954 /* TeamBioViewController.swift */ = {isa = PBXFileReference; fileEncoding = 4; lastKnownFileType = sourcecode.swift; path = TeamBioViewController.swift; sourceTree = "<group>"; };
		A63173A01DA6F06100C5F954 /* updateRosterViewController.swift */ = {isa = PBXFileReference; fileEncoding = 4; lastKnownFileType = sourcecode.swift; path = updateRosterViewController.swift; sourceTree = "<group>"; };
		A63173A21DA6F07000C5F954 /* updateScheduleViewController.swift */ = {isa = PBXFileReference; fileEncoding = 4; lastKnownFileType = sourcecode.swift; path = updateScheduleViewController.swift; sourceTree = "<group>"; };
		A648A6711DDE4B0E003B1664 /* PlayerFinder.swift */ = {isa = PBXFileReference; fileEncoding = 4; lastKnownFileType = sourcecode.swift; path = PlayerFinder.swift; sourceTree = "<group>"; };
		A64DC2481DF1137E00E0E5CF /* PlayerTableViewCell.swift */ = {isa = PBXFileReference; fileEncoding = 4; lastKnownFileType = sourcecode.swift; path = PlayerTableViewCell.swift; sourceTree = "<group>"; };
		A64DC24A1DF1138B00E0E5CF /* StatsTableViewCell.swift */ = {isa = PBXFileReference; fileEncoding = 4; lastKnownFileType = sourcecode.swift; path = StatsTableViewCell.swift; sourceTree = "<group>"; };
		A65954431DD2A0F0008A544C /* TeamFinder.swift */ = {isa = PBXFileReference; fileEncoding = 4; lastKnownFileType = sourcecode.swift; path = TeamFinder.swift; sourceTree = "<group>"; };
		A65954451DD2A3AD008A544C /* JsonParser.swift */ = {isa = PBXFileReference; fileEncoding = 4; lastKnownFileType = sourcecode.swift; name = JsonParser.swift; path = ../JsonParser.swift; sourceTree = "<group>"; };
		A677D9951DD506C4002A6885 /* TeamTableViewCell.swift */ = {isa = PBXFileReference; fileEncoding = 4; lastKnownFileType = sourcecode.swift; path = TeamTableViewCell.swift; sourceTree = "<group>"; };
		A6858F721DF7BA5A00465E7F /* AddTeamViewController.swift */ = {isa = PBXFileReference; fileEncoding = 4; lastKnownFileType = sourcecode.swift; path = AddTeamViewController.swift; sourceTree = "<group>"; };
		A6BDD5061DAD7BB800EF51A4 /* AddOpponentPlayerViewController.swift */ = {isa = PBXFileReference; fileEncoding = 4; lastKnownFileType = sourcecode.swift; path = AddOpponentPlayerViewController.swift; sourceTree = "<group>"; };
		A6BDD5081DAD7DC500EF51A4 /* StatTrackViewController.swift */ = {isa = PBXFileReference; fileEncoding = 4; lastKnownFileType = sourcecode.swift; path = StatTrackViewController.swift; sourceTree = "<group>"; };
		A6BDD50A1DAD804000EF51A4 /* LiveGamesViewController.swift */ = {isa = PBXFileReference; fileEncoding = 4; lastKnownFileType = sourcecode.swift; path = LiveGamesViewController.swift; sourceTree = "<group>"; };
		A6BDD50C1DAD804F00EF51A4 /* GameCastViewController.swift */ = {isa = PBXFileReference; fileEncoding = 4; lastKnownFileType = sourcecode.swift; name = GameCastViewController.swift; path = ../GameCastViewController.swift; sourceTree = "<group>"; };
		A6BDD50E1DAD81D900EF51A4 /* TeamFinderViewController.swift */ = {isa = PBXFileReference; fileEncoding = 4; lastKnownFileType = sourcecode.swift; path = TeamFinderViewController.swift; sourceTree = "<group>"; };
		A6BDD5101DAD82C400EF51A4 /* TeamStatsViewController.swift */ = {isa = PBXFileReference; fileEncoding = 4; lastKnownFileType = sourcecode.swift; path = TeamStatsViewController.swift; sourceTree = "<group>"; };
		A6BDD5121DAD86C900EF51A4 /* PlayerStatsViewController.swift */ = {isa = PBXFileReference; fileEncoding = 4; lastKnownFileType = sourcecode.swift; path = PlayerStatsViewController.swift; sourceTree = "<group>"; };
		A6D71EA31DF7560E00952763 /* AddOldStatsViewController.swift */ = {isa = PBXFileReference; fileEncoding = 4; lastKnownFileType = sourcecode.swift; path = AddOldStatsViewController.swift; sourceTree = "<group>"; };
		A6DC74FD1D889FA900E0834C /* Ultimate Project.app */ = {isa = PBXFileReference; explicitFileType = wrapper.application; includeInIndex = 0; path = "Ultimate Project.app"; sourceTree = BUILT_PRODUCTS_DIR; };
		A6DC75001D889FAA00E0834C /* AppDelegate.swift */ = {isa = PBXFileReference; lastKnownFileType = sourcecode.swift; path = AppDelegate.swift; sourceTree = "<group>"; };
		A6DC75021D889FAA00E0834C /* MainViewController.swift */ = {isa = PBXFileReference; lastKnownFileType = sourcecode.swift; path = MainViewController.swift; sourceTree = "<group>"; };
		A6DC75051D889FAA00E0834C /* Base */ = {isa = PBXFileReference; lastKnownFileType = file.storyboard; name = Base; path = Base.lproj/Main.storyboard; sourceTree = "<group>"; };
		A6DC75081D889FAA00E0834C /* Ultimate_Project.xcdatamodel */ = {isa = PBXFileReference; lastKnownFileType = wrapper.xcdatamodel; path = Ultimate_Project.xcdatamodel; sourceTree = "<group>"; };
		A6DC750A1D889FAA00E0834C /* Assets.xcassets */ = {isa = PBXFileReference; lastKnownFileType = folder.assetcatalog; path = Assets.xcassets; sourceTree = "<group>"; };
		A6DC750D1D889FAA00E0834C /* Base */ = {isa = PBXFileReference; lastKnownFileType = file.storyboard; name = Base; path = Base.lproj/LaunchScreen.storyboard; sourceTree = "<group>"; };
		A6DC750F1D889FAA00E0834C /* Info.plist */ = {isa = PBXFileReference; lastKnownFileType = text.plist.xml; path = Info.plist; sourceTree = "<group>"; };
		A6DC75141D889FAA00E0834C /* Ultimate ProjectTests.xctest */ = {isa = PBXFileReference; explicitFileType = wrapper.cfbundle; includeInIndex = 0; path = "Ultimate ProjectTests.xctest"; sourceTree = BUILT_PRODUCTS_DIR; };
		A6DC75181D889FAA00E0834C /* Ultimate_ProjectTests.swift */ = {isa = PBXFileReference; lastKnownFileType = sourcecode.swift; path = Ultimate_ProjectTests.swift; sourceTree = "<group>"; };
		A6DC751A1D889FAA00E0834C /* Info.plist */ = {isa = PBXFileReference; lastKnownFileType = text.plist.xml; path = Info.plist; sourceTree = "<group>"; };
		A6DC751F1D889FAA00E0834C /* Ultimate ProjectUITests.xctest */ = {isa = PBXFileReference; explicitFileType = wrapper.cfbundle; includeInIndex = 0; path = "Ultimate ProjectUITests.xctest"; sourceTree = BUILT_PRODUCTS_DIR; };
		A6DC75231D889FAA00E0834C /* Ultimate_ProjectUITests.swift */ = {isa = PBXFileReference; lastKnownFileType = sourcecode.swift; path = Ultimate_ProjectUITests.swift; sourceTree = "<group>"; };
		A6DC75251D889FAA00E0834C /* Info.plist */ = {isa = PBXFileReference; lastKnownFileType = text.plist.xml; path = Info.plist; sourceTree = "<group>"; };
		A6F848DC1E0CAFE3009CA702 /* Fabric.framework */ = {isa = PBXFileReference; lastKnownFileType = wrapper.framework; path = Fabric.framework; sourceTree = "<group>"; };
		A6F848DD1E0CAFE3009CA702 /* Crashlytics.framework */ = {isa = PBXFileReference; lastKnownFileType = wrapper.framework; path = Crashlytics.framework; sourceTree = "<group>"; };
/* End PBXFileReference section */

/* Begin PBXFrameworksBuildPhase section */
		A6DC74FA1D889FA900E0834C /* Frameworks */ = {
			isa = PBXFrameworksBuildPhase;
			buildActionMask = 2147483647;
			files = (
				A6F848DF1E0CAFE3009CA702 /* Crashlytics.framework in Frameworks */,
				A6F848DE1E0CAFE3009CA702 /* Fabric.framework in Frameworks */,
			);
			runOnlyForDeploymentPostprocessing = 0;
		};
		A6DC75111D889FAA00E0834C /* Frameworks */ = {
			isa = PBXFrameworksBuildPhase;
			buildActionMask = 2147483647;
			files = (
			);
			runOnlyForDeploymentPostprocessing = 0;
		};
		A6DC751C1D889FAA00E0834C /* Frameworks */ = {
			isa = PBXFrameworksBuildPhase;
			buildActionMask = 2147483647;
			files = (
			);
			runOnlyForDeploymentPostprocessing = 0;
		};
/* End PBXFrameworksBuildPhase section */

/* Begin PBXGroup section */
		A6BDD5031DAD788A00EF51A4 /* Stat Tracking */ = {
			isa = PBXGroup;
			children = (
				A631739C1DA6EB0600C5F954 /* LoginViewController.swift */,
				A631739E1DA6ED5B00C5F954 /* TeamBioViewController.swift */,
				A63173A01DA6F06100C5F954 /* updateRosterViewController.swift */,
				A63173A21DA6F07000C5F954 /* updateScheduleViewController.swift */,
				A6BDD5061DAD7BB800EF51A4 /* AddOpponentPlayerViewController.swift */,
				A6BDD5081DAD7DC500EF51A4 /* StatTrackViewController.swift */,
				A6D71EA31DF7560E00952763 /* AddOldStatsViewController.swift */,
				A6858F721DF7BA5A00465E7F /* AddTeamViewController.swift */,
			);
			name = "Stat Tracking";
			sourceTree = "<group>";
		};
		A6BDD5041DAD789000EF51A4 /* GameCast */ = {
			isa = PBXGroup;
			children = (
				A6BDD50C1DAD804F00EF51A4 /* GameCastViewController.swift */,
				A6BDD50A1DAD804000EF51A4 /* LiveGamesViewController.swift */,
			);
			name = GameCast;
			sourceTree = "<group>";
		};
		A6BDD5051DAD789700EF51A4 /* Stat Viewing */ = {
			isa = PBXGroup;
			children = (
				A65954451DD2A3AD008A544C /* JsonParser.swift */,
				A61CAABB1DEE23F600E6B813 /* StatFinder.swift */,
				A648A6711DDE4B0E003B1664 /* PlayerFinder.swift */,
				A65954431DD2A0F0008A544C /* TeamFinder.swift */,
				A6BDD50E1DAD81D900EF51A4 /* TeamFinderViewController.swift */,
				A677D9951DD506C4002A6885 /* TeamTableViewCell.swift */,
				A6BDD5101DAD82C400EF51A4 /* TeamStatsViewController.swift */,
				A64DC2481DF1137E00E0E5CF /* PlayerTableViewCell.swift */,
				A6BDD5121DAD86C900EF51A4 /* PlayerStatsViewController.swift */,
				A64DC24A1DF1138B00E0E5CF /* StatsTableViewCell.swift */,
			);
			name = "Stat Viewing";
			sourceTree = "<group>";
		};
		A6DC74F41D889FA900E0834C = {
			isa = PBXGroup;
			children = (
				A6F848DC1E0CAFE3009CA702 /* Fabric.framework */,
				A6F848DD1E0CAFE3009CA702 /* Crashlytics.framework */,
				A6DC74FF1D889FAA00E0834C /* Ultimate Project */,
				A6DC75171D889FAA00E0834C /* Ultimate ProjectTests */,
				A6DC75221D889FAA00E0834C /* Ultimate ProjectUITests */,
				A6DC74FE1D889FA900E0834C /* Products */,
			);
			sourceTree = "<group>";
		};
		A6DC74FE1D889FA900E0834C /* Products */ = {
			isa = PBXGroup;
			children = (
				A6DC74FD1D889FA900E0834C /* Ultimate Project.app */,
				A6DC75141D889FAA00E0834C /* Ultimate ProjectTests.xctest */,
				A6DC751F1D889FAA00E0834C /* Ultimate ProjectUITests.xctest */,
			);
			name = Products;
			sourceTree = "<group>";
		};
		A6DC74FF1D889FAA00E0834C /* Ultimate Project */ = {
			isa = PBXGroup;
			children = (
				A6BDD5051DAD789700EF51A4 /* Stat Viewing */,
				A6BDD5041DAD789000EF51A4 /* GameCast */,
				A6BDD5031DAD788A00EF51A4 /* Stat Tracking */,
				A6DC75001D889FAA00E0834C /* AppDelegate.swift */,
				A6DC75021D889FAA00E0834C /* MainViewController.swift */,
				A6DC75041D889FAA00E0834C /* Main.storyboard */,
				A6DC750A1D889FAA00E0834C /* Assets.xcassets */,
				A6DC750C1D889FAA00E0834C /* LaunchScreen.storyboard */,
				A6DC750F1D889FAA00E0834C /* Info.plist */,
				A6DC75071D889FAA00E0834C /* Ultimate_Project.xcdatamodeld */,
			);
			path = "Ultimate Project";
			sourceTree = "<group>";
		};
		A6DC75171D889FAA00E0834C /* Ultimate ProjectTests */ = {
			isa = PBXGroup;
			children = (
				A6DC75181D889FAA00E0834C /* Ultimate_ProjectTests.swift */,
				A6DC751A1D889FAA00E0834C /* Info.plist */,
			);
			path = "Ultimate ProjectTests";
			sourceTree = "<group>";
		};
		A6DC75221D889FAA00E0834C /* Ultimate ProjectUITests */ = {
			isa = PBXGroup;
			children = (
				A6DC75231D889FAA00E0834C /* Ultimate_ProjectUITests.swift */,
				A6DC75251D889FAA00E0834C /* Info.plist */,
			);
			path = "Ultimate ProjectUITests";
			sourceTree = "<group>";
		};
/* End PBXGroup section */

/* Begin PBXNativeTarget section */
		A6DC74FC1D889FA900E0834C /* Ultimate Project */ = {
			isa = PBXNativeTarget;
			buildConfigurationList = A6DC75281D889FAA00E0834C /* Build configuration list for PBXNativeTarget "Ultimate Project" */;
			buildPhases = (
				A6DC74F91D889FA900E0834C /* Sources */,
				A6DC74FA1D889FA900E0834C /* Frameworks */,
				A6DC74FB1D889FA900E0834C /* Resources */,
				A6F848DB1E0CAFB9009CA702 /* ShellScript */,
			);
			buildRules = (
			);
			dependencies = (
			);
			name = "Ultimate Project";
			productName = "Ultimate Project";
			productReference = A6DC74FD1D889FA900E0834C /* Ultimate Project.app */;
			productType = "com.apple.product-type.application";
		};
		A6DC75131D889FAA00E0834C /* Ultimate ProjectTests */ = {
			isa = PBXNativeTarget;
			buildConfigurationList = A6DC752B1D889FAA00E0834C /* Build configuration list for PBXNativeTarget "Ultimate ProjectTests" */;
			buildPhases = (
				A6DC75101D889FAA00E0834C /* Sources */,
				A6DC75111D889FAA00E0834C /* Frameworks */,
				A6DC75121D889FAA00E0834C /* Resources */,
			);
			buildRules = (
			);
			dependencies = (
				A6DC75161D889FAA00E0834C /* PBXTargetDependency */,
			);
			name = "Ultimate ProjectTests";
			productName = "Ultimate ProjectTests";
			productReference = A6DC75141D889FAA00E0834C /* Ultimate ProjectTests.xctest */;
			productType = "com.apple.product-type.bundle.unit-test";
		};
		A6DC751E1D889FAA00E0834C /* Ultimate ProjectUITests */ = {
			isa = PBXNativeTarget;
			buildConfigurationList = A6DC752E1D889FAA00E0834C /* Build configuration list for PBXNativeTarget "Ultimate ProjectUITests" */;
			buildPhases = (
				A6DC751B1D889FAA00E0834C /* Sources */,
				A6DC751C1D889FAA00E0834C /* Frameworks */,
				A6DC751D1D889FAA00E0834C /* Resources */,
			);
			buildRules = (
			);
			dependencies = (
				A6DC75211D889FAA00E0834C /* PBXTargetDependency */,
			);
			name = "Ultimate ProjectUITests";
			productName = "Ultimate ProjectUITests";
			productReference = A6DC751F1D889FAA00E0834C /* Ultimate ProjectUITests.xctest */;
			productType = "com.apple.product-type.bundle.ui-testing";
		};
/* End PBXNativeTarget section */

/* Begin PBXProject section */
		A6DC74F51D889FA900E0834C /* Project object */ = {
			isa = PBXProject;
			attributes = {
				LastSwiftUpdateCheck = 0730;
				LastUpgradeCheck = 0810;
				ORGANIZATIONNAME = "Connor Fitzpatrick";
				TargetAttributes = {
					A6DC74FC1D889FA900E0834C = {
						CreatedOnToolsVersion = 7.3.1;
						DevelopmentTeam = FSLX2JP624;
						LastSwiftMigration = 0800;
					};
					A6DC75131D889FAA00E0834C = {
						CreatedOnToolsVersion = 7.3.1;
						DevelopmentTeam = U6Y6MMUY2Z;
						LastSwiftMigration = 0800;
						TestTargetID = A6DC74FC1D889FA900E0834C;
					};
					A6DC751E1D889FAA00E0834C = {
						CreatedOnToolsVersion = 7.3.1;
						DevelopmentTeam = U6Y6MMUY2Z;
						LastSwiftMigration = 0800;
						TestTargetID = A6DC74FC1D889FA900E0834C;
					};
				};
			};
			buildConfigurationList = A6DC74F81D889FA900E0834C /* Build configuration list for PBXProject "Ultimate Project" */;
			compatibilityVersion = "Xcode 3.2";
			developmentRegion = English;
			hasScannedForEncodings = 0;
			knownRegions = (
				en,
				Base,
			);
			mainGroup = A6DC74F41D889FA900E0834C;
			productRefGroup = A6DC74FE1D889FA900E0834C /* Products */;
			projectDirPath = "";
			projectRoot = "";
			targets = (
				A6DC74FC1D889FA900E0834C /* Ultimate Project */,
				A6DC75131D889FAA00E0834C /* Ultimate ProjectTests */,
				A6DC751E1D889FAA00E0834C /* Ultimate ProjectUITests */,
			);
		};
/* End PBXProject section */

/* Begin PBXResourcesBuildPhase section */
		A6DC74FB1D889FA900E0834C /* Resources */ = {
			isa = PBXResourcesBuildPhase;
			buildActionMask = 2147483647;
			files = (
				A6DC750E1D889FAA00E0834C /* LaunchScreen.storyboard in Resources */,
				A6DC750B1D889FAA00E0834C /* Assets.xcassets in Resources */,
				A6DC75061D889FAA00E0834C /* Main.storyboard in Resources */,
			);
			runOnlyForDeploymentPostprocessing = 0;
		};
		A6DC75121D889FAA00E0834C /* Resources */ = {
			isa = PBXResourcesBuildPhase;
			buildActionMask = 2147483647;
			files = (
			);
			runOnlyForDeploymentPostprocessing = 0;
		};
		A6DC751D1D889FAA00E0834C /* Resources */ = {
			isa = PBXResourcesBuildPhase;
			buildActionMask = 2147483647;
			files = (
			);
			runOnlyForDeploymentPostprocessing = 0;
		};
/* End PBXResourcesBuildPhase section */

/* Begin PBXShellScriptBuildPhase section */
		A6F848DB1E0CAFB9009CA702 /* ShellScript */ = {
			isa = PBXShellScriptBuildPhase;
			buildActionMask = 2147483647;
			files = (
			);
			inputPaths = (
			);
			outputPaths = (
			);
			runOnlyForDeploymentPostprocessing = 0;
			shellPath = /bin/sh;
			shellScript = "./Fabric.framework/run bbc08faa2dbd509df4ea3197d2f4a1f17dedfc6f 6d6e4bb505168b7a6fe98bea926f2f11ace695fbed57b60214dd988fcd586bc3";
		};
/* End PBXShellScriptBuildPhase section */

/* Begin PBXSourcesBuildPhase section */
		A6DC74F91D889FA900E0834C /* Sources */ = {
			isa = PBXSourcesBuildPhase;
			buildActionMask = 2147483647;
			files = (
				A6BDD50B1DAD804000EF51A4 /* LiveGamesViewController.swift in Sources */,
				A6BDD5071DAD7BB800EF51A4 /* AddOpponentPlayerViewController.swift in Sources */,
				A648A6721DDE4B0E003B1664 /* PlayerFinder.swift in Sources */,
				A677D9961DD506C4002A6885 /* TeamTableViewCell.swift in Sources */,
				A65954461DD2A3AD008A544C /* JsonParser.swift in Sources */,
				A631739D1DA6EB0600C5F954 /* LoginViewController.swift in Sources */,
				A6BDD50F1DAD81D900EF51A4 /* TeamFinderViewController.swift in Sources */,
				A63173A31DA6F07000C5F954 /* updateScheduleViewController.swift in Sources */,
				A61CAABC1DEE23F600E6B813 /* StatFinder.swift in Sources */,
				A631739F1DA6ED5B00C5F954 /* TeamBioViewController.swift in Sources */,
				A6BDD5111DAD82C400EF51A4 /* TeamStatsViewController.swift in Sources */,
				A65954441DD2A0F0008A544C /* TeamFinder.swift in Sources */,
				A6D71EA41DF7560E00952763 /* AddOldStatsViewController.swift in Sources */,
				A64DC2491DF1137F00E0E5CF /* PlayerTableViewCell.swift in Sources */,
				A6BDD5131DAD86C900EF51A4 /* PlayerStatsViewController.swift in Sources */,
				A6BDD50D1DAD804F00EF51A4 /* GameCastViewController.swift in Sources */,
				A6BDD5091DAD7DC500EF51A4 /* StatTrackViewController.swift in Sources */,
				A6858F731DF7BA5A00465E7F /* AddTeamViewController.swift in Sources */,
				A6DC75091D889FAA00E0834C /* Ultimate_Project.xcdatamodeld in Sources */,
				A6DC75031D889FAA00E0834C /* MainViewController.swift in Sources */,
				A63173A11DA6F06200C5F954 /* updateRosterViewController.swift in Sources */,
				A64DC24B1DF1138B00E0E5CF /* StatsTableViewCell.swift in Sources */,
				A6DC75011D889FAA00E0834C /* AppDelegate.swift in Sources */,
			);
			runOnlyForDeploymentPostprocessing = 0;
		};
		A6DC75101D889FAA00E0834C /* Sources */ = {
			isa = PBXSourcesBuildPhase;
			buildActionMask = 2147483647;
			files = (
				A6DC75191D889FAA00E0834C /* Ultimate_ProjectTests.swift in Sources */,
			);
			runOnlyForDeploymentPostprocessing = 0;
		};
		A6DC751B1D889FAA00E0834C /* Sources */ = {
			isa = PBXSourcesBuildPhase;
			buildActionMask = 2147483647;
			files = (
				A6DC75241D889FAA00E0834C /* Ultimate_ProjectUITests.swift in Sources */,
			);
			runOnlyForDeploymentPostprocessing = 0;
		};
/* End PBXSourcesBuildPhase section */

/* Begin PBXTargetDependency section */
		A6DC75161D889FAA00E0834C /* PBXTargetDependency */ = {
			isa = PBXTargetDependency;
			target = A6DC74FC1D889FA900E0834C /* Ultimate Project */;
			targetProxy = A6DC75151D889FAA00E0834C /* PBXContainerItemProxy */;
		};
		A6DC75211D889FAA00E0834C /* PBXTargetDependency */ = {
			isa = PBXTargetDependency;
			target = A6DC74FC1D889FA900E0834C /* Ultimate Project */;
			targetProxy = A6DC75201D889FAA00E0834C /* PBXContainerItemProxy */;
		};
/* End PBXTargetDependency section */

/* Begin PBXVariantGroup section */
		A6DC75041D889FAA00E0834C /* Main.storyboard */ = {
			isa = PBXVariantGroup;
			children = (
				A6DC75051D889FAA00E0834C /* Base */,
			);
			name = Main.storyboard;
			sourceTree = "<group>";
		};
		A6DC750C1D889FAA00E0834C /* LaunchScreen.storyboard */ = {
			isa = PBXVariantGroup;
			children = (
				A6DC750D1D889FAA00E0834C /* Base */,
			);
			name = LaunchScreen.storyboard;
			sourceTree = "<group>";
		};
/* End PBXVariantGroup section */

/* Begin XCBuildConfiguration section */
		A6DC75261D889FAA00E0834C /* Debug */ = {
			isa = XCBuildConfiguration;
			buildSettings = {
				ALWAYS_SEARCH_USER_PATHS = NO;
				CLANG_ANALYZER_NONNULL = YES;
				CLANG_CXX_LANGUAGE_STANDARD = "gnu++0x";
				CLANG_CXX_LIBRARY = "libc++";
				CLANG_ENABLE_MODULES = YES;
				CLANG_ENABLE_OBJC_ARC = YES;
				CLANG_WARN_BOOL_CONVERSION = YES;
				CLANG_WARN_CONSTANT_CONVERSION = YES;
				CLANG_WARN_DIRECT_OBJC_ISA_USAGE = YES_ERROR;
				CLANG_WARN_EMPTY_BODY = YES;
				CLANG_WARN_ENUM_CONVERSION = YES;
				CLANG_WARN_INFINITE_RECURSION = YES;
				CLANG_WARN_INT_CONVERSION = YES;
				CLANG_WARN_OBJC_ROOT_CLASS = YES_ERROR;
				CLANG_WARN_SUSPICIOUS_MOVE = YES;
				CLANG_WARN_UNREACHABLE_CODE = YES;
				CLANG_WARN__DUPLICATE_METHOD_MATCH = YES;
				"CODE_SIGN_IDENTITY[sdk=iphoneos*]" = "iPhone Developer";
				COPY_PHASE_STRIP = NO;
				DEBUG_INFORMATION_FORMAT = dwarf;
				ENABLE_STRICT_OBJC_MSGSEND = YES;
				ENABLE_TESTABILITY = YES;
				GCC_C_LANGUAGE_STANDARD = gnu99;
				GCC_DYNAMIC_NO_PIC = NO;
				GCC_NO_COMMON_BLOCKS = YES;
				GCC_OPTIMIZATION_LEVEL = 0;
				GCC_PREPROCESSOR_DEFINITIONS = (
					"DEBUG=1",
					"$(inherited)",
				);
				GCC_WARN_64_TO_32_BIT_CONVERSION = YES;
				GCC_WARN_ABOUT_RETURN_TYPE = YES_ERROR;
				GCC_WARN_UNDECLARED_SELECTOR = YES;
				GCC_WARN_UNINITIALIZED_AUTOS = YES_AGGRESSIVE;
				GCC_WARN_UNUSED_FUNCTION = YES;
				GCC_WARN_UNUSED_VARIABLE = YES;
				IPHONEOS_DEPLOYMENT_TARGET = 9.3;
				MTL_ENABLE_DEBUG_INFO = YES;
				ONLY_ACTIVE_ARCH = YES;
				SDKROOT = iphoneos;
				SWIFT_OPTIMIZATION_LEVEL = "-Onone";
				TARGETED_DEVICE_FAMILY = "1,2";
			};
			name = Debug;
		};
		A6DC75271D889FAA00E0834C /* Release */ = {
			isa = XCBuildConfiguration;
			buildSettings = {
				ALWAYS_SEARCH_USER_PATHS = NO;
				CLANG_ANALYZER_NONNULL = YES;
				CLANG_CXX_LANGUAGE_STANDARD = "gnu++0x";
				CLANG_CXX_LIBRARY = "libc++";
				CLANG_ENABLE_MODULES = YES;
				CLANG_ENABLE_OBJC_ARC = YES;
				CLANG_WARN_BOOL_CONVERSION = YES;
				CLANG_WARN_CONSTANT_CONVERSION = YES;
				CLANG_WARN_DIRECT_OBJC_ISA_USAGE = YES_ERROR;
				CLANG_WARN_EMPTY_BODY = YES;
				CLANG_WARN_ENUM_CONVERSION = YES;
				CLANG_WARN_INFINITE_RECURSION = YES;
				CLANG_WARN_INT_CONVERSION = YES;
				CLANG_WARN_OBJC_ROOT_CLASS = YES_ERROR;
				CLANG_WARN_SUSPICIOUS_MOVE = YES;
				CLANG_WARN_UNREACHABLE_CODE = YES;
				CLANG_WARN__DUPLICATE_METHOD_MATCH = YES;
				"CODE_SIGN_IDENTITY[sdk=iphoneos*]" = "iPhone Developer";
				COPY_PHASE_STRIP = NO;
				DEBUG_INFORMATION_FORMAT = "dwarf-with-dsym";
				ENABLE_NS_ASSERTIONS = NO;
				ENABLE_STRICT_OBJC_MSGSEND = YES;
				GCC_C_LANGUAGE_STANDARD = gnu99;
				GCC_NO_COMMON_BLOCKS = YES;
				GCC_WARN_64_TO_32_BIT_CONVERSION = YES;
				GCC_WARN_ABOUT_RETURN_TYPE = YES_ERROR;
				GCC_WARN_UNDECLARED_SELECTOR = YES;
				GCC_WARN_UNINITIALIZED_AUTOS = YES_AGGRESSIVE;
				GCC_WARN_UNUSED_FUNCTION = YES;
				GCC_WARN_UNUSED_VARIABLE = YES;
				IPHONEOS_DEPLOYMENT_TARGET = 9.3;
				MTL_ENABLE_DEBUG_INFO = NO;
				SDKROOT = iphoneos;
				SWIFT_OPTIMIZATION_LEVEL = "-Owholemodule";
				TARGETED_DEVICE_FAMILY = "1,2";
				VALIDATE_PRODUCT = YES;
			};
			name = Release;
		};
		A6DC75291D889FAA00E0834C /* Debug */ = {
			isa = XCBuildConfiguration;
			buildSettings = {
				ASSETCATALOG_COMPILER_APPICON_NAME = AppIcon;
				DEVELOPMENT_TEAM = FSLX2JP624;
				FRAMEWORK_SEARCH_PATHS = (
					"$(inherited)",
					"$(PROJECT_DIR)",
				);
				INFOPLIST_FILE = "Ultimate Project/Info.plist";
				LD_RUNPATH_SEARCH_PATHS = "$(inherited) @executable_path/Frameworks";
				PRODUCT_BUNDLE_IDENTIFIER = "cjf.edu.luther.cs353.Ultimate-Project";
				PRODUCT_NAME = "$(TARGET_NAME)";
				SWIFT_VERSION = 3.0;
			};
			name = Debug;
		};
		A6DC752A1D889FAA00E0834C /* Release */ = {
			isa = XCBuildConfiguration;
			buildSettings = {
				ASSETCATALOG_COMPILER_APPICON_NAME = AppIcon;
				DEVELOPMENT_TEAM = FSLX2JP624;
				FRAMEWORK_SEARCH_PATHS = (
					"$(inherited)",
					"$(PROJECT_DIR)",
				);
				INFOPLIST_FILE = "Ultimate Project/Info.plist";
				LD_RUNPATH_SEARCH_PATHS = "$(inherited) @executable_path/Frameworks";
				PRODUCT_BUNDLE_IDENTIFIER = "cjf.edu.luther.cs353.Ultimate-Project";
				PRODUCT_NAME = "$(TARGET_NAME)";
				SWIFT_VERSION = 3.0;
			};
			name = Release;
		};
		A6DC752C1D889FAA00E0834C /* Debug */ = {
			isa = XCBuildConfiguration;
			buildSettings = {
				BUNDLE_LOADER = "$(TEST_HOST)";
				INFOPLIST_FILE = "Ultimate ProjectTests/Info.plist";
				LD_RUNPATH_SEARCH_PATHS = "$(inherited) @executable_path/Frameworks @loader_path/Frameworks";
				PRODUCT_BUNDLE_IDENTIFIER = "cjf.edu.luther.cs353.Ultimate-ProjectTests";
				PRODUCT_NAME = "$(TARGET_NAME)";
				SWIFT_VERSION = 3.0;
				TEST_HOST = "$(BUILT_PRODUCTS_DIR)/Ultimate Project.app/Ultimate Project";
			};
			name = Debug;
		};
		A6DC752D1D889FAA00E0834C /* Release */ = {
			isa = XCBuildConfiguration;
			buildSettings = {
				BUNDLE_LOADER = "$(TEST_HOST)";
				INFOPLIST_FILE = "Ultimate ProjectTests/Info.plist";
				LD_RUNPATH_SEARCH_PATHS = "$(inherited) @executable_path/Frameworks @loader_path/Frameworks";
				PRODUCT_BUNDLE_IDENTIFIER = "cjf.edu.luther.cs353.Ultimate-ProjectTests";
				PRODUCT_NAME = "$(TARGET_NAME)";
				SWIFT_VERSION = 3.0;
				TEST_HOST = "$(BUILT_PRODUCTS_DIR)/Ultimate Project.app/Ultimate Project";
			};
			name = Release;
		};
		A6DC752F1D889FAA00E0834C /* Debug */ = {
			isa = XCBuildConfiguration;
			buildSettings = {
				INFOPLIST_FILE = "Ultimate ProjectUITests/Info.plist";
				LD_RUNPATH_SEARCH_PATHS = "$(inherited) @executable_path/Frameworks @loader_path/Frameworks";
				PRODUCT_BUNDLE_IDENTIFIER = "cjf.edu.luther.cs353.Ultimate-ProjectUITests";
				PRODUCT_NAME = "$(TARGET_NAME)";
				SWIFT_VERSION = 3.0;
				TEST_TARGET_NAME = "Ultimate Project";
			};
			name = Debug;
		};
		A6DC75301D889FAA00E0834C /* Release */ = {
			isa = XCBuildConfiguration;
			buildSettings = {
				INFOPLIST_FILE = "Ultimate ProjectUITests/Info.plist";
				LD_RUNPATH_SEARCH_PATHS = "$(inherited) @executable_path/Frameworks @loader_path/Frameworks";
				PRODUCT_BUNDLE_IDENTIFIER = "cjf.edu.luther.cs353.Ultimate-ProjectUITests";
				PRODUCT_NAME = "$(TARGET_NAME)";
				SWIFT_VERSION = 3.0;
				TEST_TARGET_NAME = "Ultimate Project";
			};
			name = Release;
		};
/* End XCBuildConfiguration section */

/* Begin XCConfigurationList section */
		A6DC74F81D889FA900E0834C /* Build configuration list for PBXProject "Ultimate Project" */ = {
			isa = XCConfigurationList;
			buildConfigurations = (
				A6DC75261D889FAA00E0834C /* Debug */,
				A6DC75271D889FAA00E0834C /* Release */,
			);
			defaultConfigurationIsVisible = 0;
			defaultConfigurationName = Release;
		};
		A6DC75281D889FAA00E0834C /* Build configuration list for PBXNativeTarget "Ultimate Project" */ = {
			isa = XCConfigurationList;
			buildConfigurations = (
				A6DC75291D889FAA00E0834C /* Debug */,
				A6DC752A1D889FAA00E0834C /* Release */,
			);
			defaultConfigurationIsVisible = 0;
			defaultConfigurationName = Release;
		};
		A6DC752B1D889FAA00E0834C /* Build configuration list for PBXNativeTarget "Ultimate ProjectTests" */ = {
			isa = XCConfigurationList;
			buildConfigurations = (
				A6DC752C1D889FAA00E0834C /* Debug */,
				A6DC752D1D889FAA00E0834C /* Release */,
			);
			defaultConfigurationIsVisible = 0;
			defaultConfigurationName = Release;
		};
		A6DC752E1D889FAA00E0834C /* Build configuration list for PBXNativeTarget "Ultimate ProjectUITests" */ = {
			isa = XCConfigurationList;
			buildConfigurations = (
				A6DC752F1D889FAA00E0834C /* Debug */,
				A6DC75301D889FAA00E0834C /* Release */,
			);
			defaultConfigurationIsVisible = 0;
			defaultConfigurationName = Release;
		};
/* End XCConfigurationList section */

/* Begin XCVersionGroup section */
		A6DC75071D889FAA00E0834C /* Ultimate_Project.xcdatamodeld */ = {
			isa = XCVersionGroup;
			children = (
				A6DC75081D889FAA00E0834C /* Ultimate_Project.xcdatamodel */,
			);
			currentVersion = A6DC75081D889FAA00E0834C /* Ultimate_Project.xcdatamodel */;
			path = Ultimate_Project.xcdatamodeld;
			sourceTree = "<group>";
			versionGroupType = wrapper.xcdatamodel;
		};
/* End XCVersionGroup section */
	};
	rootObject = A6DC74F51D889FA900E0834C /* Project object */;
}
